
Microsoft Visual Studio Solution File, Format Version 12.00
# Visual Studio 14
VisualStudioVersion = 14.0.24720.0
MinimumVisualStudioVersion = 10.0.40219.1
Project("{D954291E-2A0B-460D-934E-DC6B0785DB48}") = "Escape", "Escape\Escape.shproj", "{A7858BBD-3182-4C4D-926D-C6AEF0F9D5A2}"
EndProject
Project("{FAE04EC0-301F-11D3-BF4B-00C04F79EFBC}") = "Escape.Droid", "Escape.Droid\Escape.Droid.csproj", "{9EFABB94-5C27-4312-B7B5-8EB9EED596E5}"
EndProject
Project("{FAE04EC0-301F-11D3-BF4B-00C04F79EFBC}") = "Escape.iOS", "Escape.iOS\Escape.iOS.csproj", "{4A3D0969-2E1F-448A-97CA-C18E7259B766}"
EndProject
Project("{FAE04EC0-301F-11D3-BF4B-00C04F79EFBC}") = "Escape.Win", "Escape.Win\Escape.Win.csproj", "{6A8C69DA-6B92-4C93-AC78-E0DA7AFBE9D4}"
EndProject
Global
	GlobalSection(SharedMSBuildProjectFiles) = preSolution
		Escape\Escape.projitems*{4a3d0969-2e1f-448a-97ca-c18e7259b766}*SharedItemsImports = 4
		Escape\Escape.projitems*{6a8c69da-6b92-4c93-ac78-e0da7afbe9d4}*SharedItemsImports = 4
		Escape\Escape.projitems*{9efabb94-5c27-4312-b7b5-8eb9eed596e5}*SharedItemsImports = 4
		Escape\Escape.projitems*{a7858bbd-3182-4c4d-926d-c6aef0f9d5a2}*SharedItemsImports = 13
	EndGlobalSection
	GlobalSection(SolutionConfigurationPlatforms) = preSolution
		AppStore|Any CPU = AppStore|Any CPU
		AppStore|ARM = AppStore|ARM
		AppStore|iPhone = AppStore|iPhone
		AppStore|iPhoneSimulator = AppStore|iPhoneSimulator
		AppStore|x64 = AppStore|x64
		AppStore|x86 = AppStore|x86
		Debug|Any CPU = Debug|Any CPU
		Debug|ARM = Debug|ARM
		Debug|iPhone = Debug|iPhone
		Debug|iPhoneSimulator = Debug|iPhoneSimulator
		Debug|x64 = Debug|x64
		Debug|x86 = Debug|x86
		Release|Any CPU = Release|Any CPU
		Release|ARM = Release|ARM
		Release|iPhone = Release|iPhone
		Release|iPhoneSimulator = Release|iPhoneSimulator
		Release|x64 = Release|x64
		Release|x86 = Release|x86
	EndGlobalSection
	GlobalSection(ProjectConfigurationPlatforms) = postSolution
		{9EFABB94-5C27-4312-B7B5-8EB9EED596E5}.AppStore|Any CPU.ActiveCfg = Release|Any CPU
		{9EFABB94-5C27-4312-B7B5-8EB9EED596E5}.AppStore|Any CPU.Build.0 = Release|Any CPU
		{9EFABB94-5C27-4312-B7B5-8EB9EED596E5}.AppStore|Any CPU.Deploy.0 = Release|Any CPU
		{9EFABB94-5C27-4312-B7B5-8EB9EED596E5}.AppStore|ARM.ActiveCfg = Release|Any CPU
		{9EFABB94-5C27-4312-B7B5-8EB9EED596E5}.AppStore|ARM.Build.0 = Release|Any CPU
		{9EFABB94-5C27-4312-B7B5-8EB9EED596E5}.AppStore|ARM.Deploy.0 = Release|Any CPU
		{9EFABB94-5C27-4312-B7B5-8EB9EED596E5}.AppStore|iPhone.ActiveCfg = Release|Any CPU
		{9EFABB94-5C27-4312-B7B5-8EB9EED596E5}.AppStore|iPhone.Build.0 = Release|Any CPU
		{9EFABB94-5C27-4312-B7B5-8EB9EED596E5}.AppStore|iPhone.Deploy.0 = Release|Any CPU
		{9EFABB94-5C27-4312-B7B5-8EB9EED596E5}.AppStore|iPhoneSimulator.ActiveCfg = Release|Any CPU
		{9EFABB94-5C27-4312-B7B5-8EB9EED596E5}.AppStore|iPhoneSimulator.Build.0 = Release|Any CPU
		{9EFABB94-5C27-4312-B7B5-8EB9EED596E5}.AppStore|iPhoneSimulator.Deploy.0 = Release|Any CPU
		{9EFABB94-5C27-4312-B7B5-8EB9EED596E5}.AppStore|x64.ActiveCfg = Release|Any CPU
		{9EFABB94-5C27-4312-B7B5-8EB9EED596E5}.AppStore|x64.Build.0 = Release|Any CPU
		{9EFABB94-5C27-4312-B7B5-8EB9EED596E5}.AppStore|x64.Deploy.0 = Release|Any CPU
		{9EFABB94-5C27-4312-B7B5-8EB9EED596E5}.AppStore|x86.ActiveCfg = Release|Any CPU
		{9EFABB94-5C27-4312-B7B5-8EB9EED596E5}.AppStore|x86.Build.0 = Release|Any CPU
		{9EFABB94-5C27-4312-B7B5-8EB9EED596E5}.AppStore|x86.Deploy.0 = Release|Any CPU
		{9EFABB94-5C27-4312-B7B5-8EB9EED596E5}.Debug|Any CPU.ActiveCfg = Debug|Any CPU
		{9EFABB94-5C27-4312-B7B5-8EB9EED596E5}.Debug|Any CPU.Build.0 = Debug|Any CPU
		{9EFABB94-5C27-4312-B7B5-8EB9EED596E5}.Debug|Any CPU.Deploy.0 = Debug|Any CPU
		{9EFABB94-5C27-4312-B7B5-8EB9EED596E5}.Debug|ARM.ActiveCfg = Debug|Any CPU
		{9EFABB94-5C27-4312-B7B5-8EB9EED596E5}.Debug|ARM.Build.0 = Debug|Any CPU
		{9EFABB94-5C27-4312-B7B5-8EB9EED596E5}.Debug|ARM.Deploy.0 = Debug|Any CPU
		{9EFABB94-5C27-4312-B7B5-8EB9EED596E5}.Debug|iPhone.ActiveCfg = Debug|Any CPU
		{9EFABB94-5C27-4312-B7B5-8EB9EED596E5}.Debug|iPhone.Build.0 = Debug|Any CPU
		{9EFABB94-5C27-4312-B7B5-8EB9EED596E5}.Debug|iPhone.Deploy.0 = Debug|Any CPU
		{9EFABB94-5C27-4312-B7B5-8EB9EED596E5}.Debug|iPhoneSimulator.ActiveCfg = Debug|Any CPU
		{9EFABB94-5C27-4312-B7B5-8EB9EED596E5}.Debug|iPhoneSimulator.Build.0 = Debug|Any CPU
		{9EFABB94-5C27-4312-B7B5-8EB9EED596E5}.Debug|iPhoneSimulator.Deploy.0 = Debug|Any CPU
		{9EFABB94-5C27-4312-B7B5-8EB9EED596E5}.Debug|x64.ActiveCfg = Debug|Any CPU
		{9EFABB94-5C27-4312-B7B5-8EB9EED596E5}.Debug|x64.Build.0 = Debug|Any CPU
		{9EFABB94-5C27-4312-B7B5-8EB9EED596E5}.Debug|x64.Deploy.0 = Debug|Any CPU
		{9EFABB94-5C27-4312-B7B5-8EB9EED596E5}.Debug|x86.ActiveCfg = Debug|Any CPU
		{9EFABB94-5C27-4312-B7B5-8EB9EED596E5}.Debug|x86.Build.0 = Debug|Any CPU
		{9EFABB94-5C27-4312-B7B5-8EB9EED596E5}.Debug|x86.Deploy.0 = Debug|Any CPU
		{9EFABB94-5C27-4312-B7B5-8EB9EED596E5}.Release|Any CPU.ActiveCfg = Release|Any CPU
		{9EFABB94-5C27-4312-B7B5-8EB9EED596E5}.Release|Any CPU.Build.0 = Release|Any CPU
		{9EFABB94-5C27-4312-B7B5-8EB9EED596E5}.Release|Any CPU.Deploy.0 = Release|Any CPU
		{9EFABB94-5C27-4312-B7B5-8EB9EED596E5}.Release|ARM.ActiveCfg = Release|Any CPU
		{9EFABB94-5C27-4312-B7B5-8EB9EED596E5}.Release|ARM.Build.0 = Release|Any CPU
		{9EFABB94-5C27-4312-B7B5-8EB9EED596E5}.Release|ARM.Deploy.0 = Release|Any CPU
		{9EFABB94-5C27-4312-B7B5-8EB9EED596E5}.Release|iPhone.ActiveCfg = Release|Any CPU
		{9EFABB94-5C27-4312-B7B5-8EB9EED596E5}.Release|iPhone.Build.0 = Release|Any CPU
		{9EFABB94-5C27-4312-B7B5-8EB9EED596E5}.Release|iPhone.Deploy.0 = Release|Any CPU
		{9EFABB94-5C27-4312-B7B5-8EB9EED596E5}.Release|iPhoneSimulator.ActiveCfg = Release|Any CPU
		{9EFABB94-5C27-4312-B7B5-8EB9EED596E5}.Release|iPhoneSimulator.Build.0 = Release|Any CPU
		{9EFABB94-5C27-4312-B7B5-8EB9EED596E5}.Release|iPhoneSimulator.Deploy.0 = Release|Any CPU
		{9EFABB94-5C27-4312-B7B5-8EB9EED596E5}.Release|x64.ActiveCfg = Release|Any CPU
		{9EFABB94-5C27-4312-B7B5-8EB9EED596E5}.Release|x64.Build.0 = Release|Any CPU
		{9EFABB94-5C27-4312-B7B5-8EB9EED596E5}.Release|x64.Deploy.0 = Release|Any CPU
		{9EFABB94-5C27-4312-B7B5-8EB9EED596E5}.Release|x86.ActiveCfg = Release|Any CPU
		{9EFABB94-5C27-4312-B7B5-8EB9EED596E5}.Release|x86.Build.0 = Release|Any CPU
		{9EFABB94-5C27-4312-B7B5-8EB9EED596E5}.Release|x86.Deploy.0 = Release|Any CPU
		{4A3D0969-2E1F-448A-97CA-C18E7259B766}.AppStore|Any CPU.ActiveCfg = AppStore|iPhone
		{4A3D0969-2E1F-448A-97CA-C18E7259B766}.AppStore|ARM.ActiveCfg = AppStore|iPhone
		{4A3D0969-2E1F-448A-97CA-C18E7259B766}.AppStore|iPhone.ActiveCfg = AppStore|iPhone
		{4A3D0969-2E1F-448A-97CA-C18E7259B766}.AppStore|iPhone.Build.0 = AppStore|iPhone
		{4A3D0969-2E1F-448A-97CA-C18E7259B766}.AppStore|iPhoneSimulator.ActiveCfg = AppStore|iPhoneSimulator
		{4A3D0969-2E1F-448A-97CA-C18E7259B766}.AppStore|iPhoneSimulator.Build.0 = AppStore|iPhoneSimulator
		{4A3D0969-2E1F-448A-97CA-C18E7259B766}.AppStore|x64.ActiveCfg = AppStore|iPhone
		{4A3D0969-2E1F-448A-97CA-C18E7259B766}.AppStore|x86.ActiveCfg = AppStore|iPhone
		{4A3D0969-2E1F-448A-97CA-C18E7259B766}.Debug|Any CPU.ActiveCfg = Debug|iPhone
		{4A3D0969-2E1F-448A-97CA-C18E7259B766}.Debug|ARM.ActiveCfg = Debug|iPhone
		{4A3D0969-2E1F-448A-97CA-C18E7259B766}.Debug|iPhone.ActiveCfg = Debug|iPhone
		{4A3D0969-2E1F-448A-97CA-C18E7259B766}.Debug|iPhone.Build.0 = Debug|iPhone
		{4A3D0969-2E1F-448A-97CA-C18E7259B766}.Debug|iPhoneSimulator.ActiveCfg = Debug|iPhoneSimulator
		{4A3D0969-2E1F-448A-97CA-C18E7259B766}.Debug|iPhoneSimulator.Build.0 = Debug|iPhoneSimulator
		{4A3D0969-2E1F-448A-97CA-C18E7259B766}.Debug|x64.ActiveCfg = Debug|iPhone
		{4A3D0969-2E1F-448A-97CA-C18E7259B766}.Debug|x86.ActiveCfg = Debug|iPhone
		{4A3D0969-2E1F-448A-97CA-C18E7259B766}.Release|Any CPU.ActiveCfg = Release|iPhone
		{4A3D0969-2E1F-448A-97CA-C18E7259B766}.Release|ARM.ActiveCfg = Release|iPhone
		{4A3D0969-2E1F-448A-97CA-C18E7259B766}.Release|iPhone.ActiveCfg = Release|iPhone
		{4A3D0969-2E1F-448A-97CA-C18E7259B766}.Release|iPhone.Build.0 = Release|iPhone
		{4A3D0969-2E1F-448A-97CA-C18E7259B766}.Release|iPhoneSimulator.ActiveCfg = Release|iPhoneSimulator
		{4A3D0969-2E1F-448A-97CA-C18E7259B766}.Release|iPhoneSimulator.Build.0 = Release|iPhoneSimulator
		{4A3D0969-2E1F-448A-97CA-C18E7259B766}.Release|x64.ActiveCfg = Release|iPhone
		{4A3D0969-2E1F-448A-97CA-C18E7259B766}.Release|x86.ActiveCfg = Release|iPhone
		{6A8C69DA-6B92-4C93-AC78-E0DA7AFBE9D4}.AppStore|Any CPU.ActiveCfg = Release|x64
		{6A8C69DA-6B92-4C93-AC78-E0DA7AFBE9D4}.AppStore|Any CPU.Build.0 = Release|x64
		{6A8C69DA-6B92-4C93-AC78-E0DA7AFBE9D4}.AppStore|Any CPU.Deploy.0 = Release|x64
		{6A8C69DA-6B92-4C93-AC78-E0DA7AFBE9D4}.AppStore|ARM.ActiveCfg = Release|ARM
		{6A8C69DA-6B92-4C93-AC78-E0DA7AFBE9D4}.AppStore|ARM.Build.0 = Release|ARM
		{6A8C69DA-6B92-4C93-AC78-E0DA7AFBE9D4}.AppStore|ARM.Deploy.0 = Release|ARM
		{6A8C69DA-6B92-4C93-AC78-E0DA7AFBE9D4}.AppStore|iPhone.ActiveCfg = Release|x64
		{6A8C69DA-6B92-4C93-AC78-E0DA7AFBE9D4}.AppStore|iPhone.Build.0 = Release|x64
		{6A8C69DA-6B92-4C93-AC78-E0DA7AFBE9D4}.AppStore|iPhone.Deploy.0 = Release|x64
		{6A8C69DA-6B92-4C93-AC78-E0DA7AFBE9D4}.AppStore|iPhoneSimulator.ActiveCfg = Release|x64
		{6A8C69DA-6B92-4C93-AC78-E0DA7AFBE9D4}.AppStore|iPhoneSimulator.Build.0 = Release|x64
		{6A8C69DA-6B92-4C93-AC78-E0DA7AFBE9D4}.AppStore|iPhoneSimulator.Deploy.0 = Release|x64
		{6A8C69DA-6B92-4C93-AC78-E0DA7AFBE9D4}.AppStore|x64.ActiveCfg = Release|x64
		{6A8C69DA-6B92-4C93-AC78-E0DA7AFBE9D4}.AppStore|x64.Build.0 = Release|x64
		{6A8C69DA-6B92-4C93-AC78-E0DA7AFBE9D4}.AppStore|x64.Deploy.0 = Release|x64
		{6A8C69DA-6B92-4C93-AC78-E0DA7AFBE9D4}.AppStore|x86.ActiveCfg = Release|x86
		{6A8C69DA-6B92-4C93-AC78-E0DA7AFBE9D4}.AppStore|x86.Build.0 = Release|x86
		{6A8C69DA-6B92-4C93-AC78-E0DA7AFBE9D4}.AppStore|x86.Deploy.0 = Release|x86
		{6A8C69DA-6B92-4C93-AC78-E0DA7AFBE9D4}.Debug|Any CPU.ActiveCfg = Debug|x86
		{6A8C69DA-6B92-4C93-AC78-E0DA7AFBE9D4}.Debug|ARM.ActiveCfg = Debug|ARM
		{6A8C69DA-6B92-4C93-AC78-E0DA7AFBE9D4}.Debug|ARM.Build.0 = Debug|ARM
		{6A8C69DA-6B92-4C93-AC78-E0DA7AFBE9D4}.Debug|ARM.Deploy.0 = Debug|ARM
		{6A8C69DA-6B92-4C93-AC78-E0DA7AFBE9D4}.Debug|iPhone.ActiveCfg = Debug|x86
		{6A8C69DA-6B92-4C93-AC78-E0DA7AFBE9D4}.Debug|iPhoneSimulator.ActiveCfg = Debug|x86
		{6A8C69DA-6B92-4C93-AC78-E0DA7AFBE9D4}.Debug|x64.ActiveCfg = Debug|x64
		{6A8C69DA-6B92-4C93-AC78-E0DA7AFBE9D4}.Debug|x64.Build.0 = Debug|x64
		{6A8C69DA-6B92-4C93-AC78-E0DA7AFBE9D4}.Debug|x64.Deploy.0 = Debug|x64
		{6A8C69DA-6B92-4C93-AC78-E0DA7AFBE9D4}.Debug|x86.ActiveCfg = Debug|x86
		{6A8C69DA-6B92-4C93-AC78-E0DA7AFBE9D4}.Debug|x86.Build.0 = Debug|x86
		{6A8C69DA-6B92-4C93-AC78-E0DA7AFBE9D4}.Debug|x86.Deploy.0 = Debug|x86
		{6A8C69DA-6B92-4C93-AC78-E0DA7AFBE9D4}.Release|Any CPU.ActiveCfg = Release|x86
		{6A8C69DA-6B92-4C93-AC78-E0DA7AFBE9D4}.Release|ARM.ActiveCfg = Release|ARM
		{6A8C69DA-6B92-4C93-AC78-E0DA7AFBE9D4}.Release|ARM.Build.0 = Release|ARM
		{6A8C69DA-6B92-4C93-AC78-E0DA7AFBE9D4}.Release|ARM.Deploy.0 = Release|ARM
		{6A8C69DA-6B92-4C93-AC78-E0DA7AFBE9D4}.Release|iPhone.ActiveCfg = Release|x86
		{6A8C69DA-6B92-4C93-AC78-E0DA7AFBE9D4}.Release|iPhoneSimulator.ActiveCfg = Release|x86
		{6A8C69DA-6B92-4C93-AC78-E0DA7AFBE9D4}.Release|x64.ActiveCfg = Release|x64
		{6A8C69DA-6B92-4C93-AC78-E0DA7AFBE9D4}.Release|x64.Build.0 = Release|x64
		{6A8C69DA-6B92-4C93-AC78-E0DA7AFBE9D4}.Release|x64.Deploy.0 = Release|x64
		{6A8C69DA-6B92-4C93-AC78-E0DA7AFBE9D4}.Release|x86.ActiveCfg = Release|x86
		{6A8C69DA-6B92-4C93-AC78-E0DA7AFBE9D4}.Release|x86.Build.0 = Release|x86
		{6A8C69DA-6B92-4C93-AC78-E0DA7AFBE9D4}.Release|x86.Deploy.0 = Release|x86
	EndGlobalSection
	GlobalSection(SolutionProperties) = preSolution
		HideSolutionNode = FALSE
	EndGlobalSection
EndGlobal
